// !$*UTF8*$!
{
	archiveVersion = 1;
	classes = {
	};
	objectVersion = 56;
	objects = {

/* Begin PBXBuildFile section */
		8512169C2C40DC4F0082F7A1 /* DigiReceiptApp.swift in Sources */ = {isa = PBXBuildFile; fileRef = 8512169B2C40DC4F0082F7A1 /* DigiReceiptApp.swift */; };
		8512169E2C40DC4F0082F7A1 /* ContentView.swift in Sources */ = {isa = PBXBuildFile; fileRef = 8512169D2C40DC4F0082F7A1 /* ContentView.swift */; };
		851216A02C40DC4F0082F7A1 /* Item.swift in Sources */ = {isa = PBXBuildFile; fileRef = 8512169F2C40DC4F0082F7A1 /* Item.swift */; };
		851216A22C40DC520082F7A1 /* Assets.xcassets in Resources */ = {isa = PBXBuildFile; fileRef = 851216A12C40DC520082F7A1 /* Assets.xcassets */; };
		851216A52C40DC520082F7A1 /* Preview Assets.xcassets in Resources */ = {isa = PBXBuildFile; fileRef = 851216A42C40DC520082F7A1 /* Preview Assets.xcassets */; };
		851216AF2C40DF5A0082F7A1 /* ReceiptDetailView.swift in Sources */ = {isa = PBXBuildFile; fileRef = 851216AE2C40DF5A0082F7A1 /* ReceiptDetailView.swift */; };
		851216B42C40E0340082F7A1 /* ReceiptModel.swift in Sources */ = {isa = PBXBuildFile; fileRef = 851216B32C40E0340082F7A1 /* ReceiptModel.swift */; };
		851216B62C40E2200082F7A1 /* ReceiptViewModel.swift in Sources */ = {isa = PBXBuildFile; fileRef = 851216B52C40E2200082F7A1 /* ReceiptViewModel.swift */; };
		851216B92C40E78F0082F7A1 /* functions.swift in Sources */ = {isa = PBXBuildFile; fileRef = 851216B82C40E78F0082F7A1 /* functions.swift */; };
		855109C62C46443600CC31C4 /* AddReceiptView.swift in Sources */ = {isa = PBXBuildFile; fileRef = 855109C52C46443600CC31C4 /* AddReceiptView.swift */; };
		855109C82C4644FD00CC31C4 /* AddCategoryView.swift in Sources */ = {isa = PBXBuildFile; fileRef = 855109C72C4644FD00CC31C4 /* AddCategoryView.swift */; };
		855109CA2C46522D00CC31C4 /* Modifiers.swift in Sources */ = {isa = PBXBuildFile; fileRef = 855109C92C46522D00CC31C4 /* Modifiers.swift */; };
		855109CC2C465A7200CC31C4 /* AddReceiptModel.swift in Sources */ = {isa = PBXBuildFile; fileRef = 855109CB2C465A7200CC31C4 /* AddReceiptModel.swift */; };
		855109CE2C465D2000CC31C4 /* AddReceiptViewModel.swift in Sources */ = {isa = PBXBuildFile; fileRef = 855109CD2C465D2000CC31C4 /* AddReceiptViewModel.swift */; };
		8575E4C32C448A8C00BAC1C5 /* UserModel.swift in Sources */ = {isa = PBXBuildFile; fileRef = 8575E4C22C448A8C00BAC1C5 /* UserModel.swift */; };
		8575E4C92C44F5D200BAC1C5 /* UserViewModel.swift in Sources */ = {isa = PBXBuildFile; fileRef = 8575E4C82C44F5D200BAC1C5 /* UserViewModel.swift */; };
		8575E4CC2C44F82000BAC1C5 /* KeychainSwift in Frameworks */ = {isa = PBXBuildFile; productRef = 8575E4CB2C44F82000BAC1C5 /* KeychainSwift */; };
		8575E4CE2C4500CE00BAC1C5 /* CategoriesModelView.swift in Sources */ = {isa = PBXBuildFile; fileRef = 8575E4CD2C4500CE00BAC1C5 /* CategoriesModelView.swift */; };
		8575E4D02C4500EB00BAC1C5 /* CategoryModel.swift in Sources */ = {isa = PBXBuildFile; fileRef = 8575E4CF2C4500EB00BAC1C5 /* CategoryModel.swift */; };
		8575E4D22C4503B300BAC1C5 /* CategoriesView.swift in Sources */ = {isa = PBXBuildFile; fileRef = 8575E4D12C4503B300BAC1C5 /* CategoriesView.swift */; };
		85849EC72C48590200A0B5C1 /* Network.swift in Sources */ = {isa = PBXBuildFile; fileRef = 85849EC62C48590200A0B5C1 /* Network.swift */; };
		85849EC92C4870FD00A0B5C1 /* ReceiptsListView.swift in Sources */ = {isa = PBXBuildFile; fileRef = 85849EC82C4870FD00A0B5C1 /* ReceiptsListView.swift */; };
		85849ECB2C488C4C00A0B5C1 /* ReceiptsListViewModel.swift in Sources */ = {isa = PBXBuildFile; fileRef = 85849ECA2C488C4C00A0B5C1 /* ReceiptsListViewModel.swift */; };
		85C64D192C42444C00C914F2 /* ReceiptsCollectionsListView.swift in Sources */ = {isa = PBXBuildFile; fileRef = 85C64D182C42444C00C914F2 /* ReceiptsCollectionsListView.swift */; };
		85C64D1B2C42477B00C914F2 /* CollectionModel.swift in Sources */ = {isa = PBXBuildFile; fileRef = 85C64D1A2C42477B00C914F2 /* CollectionModel.swift */; };
		85C64D1E2C42486600C914F2 /* ReceiptsCollectionViewModel.swift in Sources */ = {isa = PBXBuildFile; fileRef = 85C64D1D2C42486600C914F2 /* ReceiptsCollectionViewModel.swift */; };
		85E22C802C42158100C45A1F /* GroupBoxStyles.swift in Sources */ = {isa = PBXBuildFile; fileRef = 85E22C7F2C42158100C45A1F /* GroupBoxStyles.swift */; };
		85E758D52C423A04002C9A7D /* HomeView.swift in Sources */ = {isa = PBXBuildFile; fileRef = 85E758D42C423A03002C9A7D /* HomeView.swift */; };
/* End PBXBuildFile section */

/* Begin PBXFileReference section */
		851216982C40DC4F0082F7A1 /* DigiReceipt.app */ = {isa = PBXFileReference; explicitFileType = wrapper.application; includeInIndex = 0; path = DigiReceipt.app; sourceTree = BUILT_PRODUCTS_DIR; };
		8512169B2C40DC4F0082F7A1 /* DigiReceiptApp.swift */ = {isa = PBXFileReference; lastKnownFileType = sourcecode.swift; path = DigiReceiptApp.swift; sourceTree = "<group>"; };
		8512169D2C40DC4F0082F7A1 /* ContentView.swift */ = {isa = PBXFileReference; lastKnownFileType = sourcecode.swift; path = ContentView.swift; sourceTree = "<group>"; };
		8512169F2C40DC4F0082F7A1 /* Item.swift */ = {isa = PBXFileReference; lastKnownFileType = sourcecode.swift; path = Item.swift; sourceTree = "<group>"; };
		851216A12C40DC520082F7A1 /* Assets.xcassets */ = {isa = PBXFileReference; lastKnownFileType = folder.assetcatalog; path = Assets.xcassets; sourceTree = "<group>"; };
		851216A42C40DC520082F7A1 /* Preview Assets.xcassets */ = {isa = PBXFileReference; lastKnownFileType = folder.assetcatalog; path = "Preview Assets.xcassets"; sourceTree = "<group>"; };
		851216AE2C40DF5A0082F7A1 /* ReceiptDetailView.swift */ = {isa = PBXFileReference; lastKnownFileType = sourcecode.swift; path = ReceiptDetailView.swift; sourceTree = "<group>"; };
		851216B32C40E0340082F7A1 /* ReceiptModel.swift */ = {isa = PBXFileReference; lastKnownFileType = sourcecode.swift; path = ReceiptModel.swift; sourceTree = "<group>"; };
		851216B52C40E2200082F7A1 /* ReceiptViewModel.swift */ = {isa = PBXFileReference; lastKnownFileType = sourcecode.swift; path = ReceiptViewModel.swift; sourceTree = "<group>"; };
		851216B82C40E78F0082F7A1 /* functions.swift */ = {isa = PBXFileReference; lastKnownFileType = sourcecode.swift; path = functions.swift; sourceTree = "<group>"; };
		855109C52C46443600CC31C4 /* AddReceiptView.swift */ = {isa = PBXFileReference; lastKnownFileType = sourcecode.swift; path = AddReceiptView.swift; sourceTree = "<group>"; };
		855109C72C4644FD00CC31C4 /* AddCategoryView.swift */ = {isa = PBXFileReference; lastKnownFileType = sourcecode.swift; path = AddCategoryView.swift; sourceTree = "<group>"; };
		855109C92C46522D00CC31C4 /* Modifiers.swift */ = {isa = PBXFileReference; lastKnownFileType = sourcecode.swift; path = Modifiers.swift; sourceTree = "<group>"; };
		855109CB2C465A7200CC31C4 /* AddReceiptModel.swift */ = {isa = PBXFileReference; lastKnownFileType = sourcecode.swift; path = AddReceiptModel.swift; sourceTree = "<group>"; };
		855109CD2C465D2000CC31C4 /* AddReceiptViewModel.swift */ = {isa = PBXFileReference; lastKnownFileType = sourcecode.swift; path = AddReceiptViewModel.swift; sourceTree = "<group>"; };
		8575E4C22C448A8C00BAC1C5 /* UserModel.swift */ = {isa = PBXFileReference; lastKnownFileType = sourcecode.swift; path = UserModel.swift; sourceTree = "<group>"; };
		8575E4C82C44F5D200BAC1C5 /* UserViewModel.swift */ = {isa = PBXFileReference; lastKnownFileType = sourcecode.swift; path = UserViewModel.swift; sourceTree = "<group>"; };
		8575E4CD2C4500CE00BAC1C5 /* CategoriesModelView.swift */ = {isa = PBXFileReference; lastKnownFileType = sourcecode.swift; path = CategoriesModelView.swift; sourceTree = "<group>"; };
		8575E4CF2C4500EB00BAC1C5 /* CategoryModel.swift */ = {isa = PBXFileReference; lastKnownFileType = sourcecode.swift; path = CategoryModel.swift; sourceTree = "<group>"; };
		8575E4D12C4503B300BAC1C5 /* CategoriesView.swift */ = {isa = PBXFileReference; lastKnownFileType = sourcecode.swift; path = CategoriesView.swift; sourceTree = "<group>"; };
		85849EC62C48590200A0B5C1 /* Network.swift */ = {isa = PBXFileReference; lastKnownFileType = sourcecode.swift; path = Network.swift; sourceTree = "<group>"; };
		85849EC82C4870FD00A0B5C1 /* ReceiptsListView.swift */ = {isa = PBXFileReference; lastKnownFileType = sourcecode.swift; path = ReceiptsListView.swift; sourceTree = "<group>"; };
		85849ECA2C488C4C00A0B5C1 /* ReceiptsListViewModel.swift */ = {isa = PBXFileReference; lastKnownFileType = sourcecode.swift; path = ReceiptsListViewModel.swift; sourceTree = "<group>"; };
		85C64D182C42444C00C914F2 /* ReceiptsCollectionsListView.swift */ = {isa = PBXFileReference; lastKnownFileType = sourcecode.swift; path = ReceiptsCollectionsListView.swift; sourceTree = "<group>"; };
		85C64D1A2C42477B00C914F2 /* CollectionModel.swift */ = {isa = PBXFileReference; lastKnownFileType = sourcecode.swift; path = CollectionModel.swift; sourceTree = "<group>"; };
		85C64D1D2C42486600C914F2 /* ReceiptsCollectionViewModel.swift */ = {isa = PBXFileReference; lastKnownFileType = sourcecode.swift; path = ReceiptsCollectionViewModel.swift; sourceTree = "<group>"; };
		85E22C7F2C42158100C45A1F /* GroupBoxStyles.swift */ = {isa = PBXFileReference; lastKnownFileType = sourcecode.swift; path = GroupBoxStyles.swift; sourceTree = "<group>"; };
		85E758D42C423A03002C9A7D /* HomeView.swift */ = {isa = PBXFileReference; lastKnownFileType = sourcecode.swift; path = HomeView.swift; sourceTree = "<group>"; };
/* End PBXFileReference section */

/* Begin PBXFrameworksBuildPhase section */
		851216952C40DC4F0082F7A1 /* Frameworks */ = {
			isa = PBXFrameworksBuildPhase;
			buildActionMask = 2147483647;
			files = (
				8575E4CC2C44F82000BAC1C5 /* KeychainSwift in Frameworks */,
			);
			runOnlyForDeploymentPostprocessing = 0;
		};
/* End PBXFrameworksBuildPhase section */

/* Begin PBXGroup section */
		8512168F2C40DC4F0082F7A1 = {
			isa = PBXGroup;
			children = (
				8512169A2C40DC4F0082F7A1 /* DigiReceipt */,
				851216992C40DC4F0082F7A1 /* Products */,
			);
			sourceTree = "<group>";
		};
		851216992C40DC4F0082F7A1 /* Products */ = {
			isa = PBXGroup;
			children = (
				851216982C40DC4F0082F7A1 /* DigiReceipt.app */,
			);
			name = Products;
			sourceTree = "<group>";
		};
		8512169A2C40DC4F0082F7A1 /* DigiReceipt */ = {
			isa = PBXGroup;
			children = (
				851216B72C40E7600082F7A1 /* Utils */,
				851216AB2C40DEB80082F7A1 /* Screens */,
				8512169B2C40DC4F0082F7A1 /* DigiReceiptApp.swift */,
				8512169D2C40DC4F0082F7A1 /* ContentView.swift */,
				8512169F2C40DC4F0082F7A1 /* Item.swift */,
				851216A12C40DC520082F7A1 /* Assets.xcassets */,
				851216A32C40DC520082F7A1 /* Preview Content */,
			);
			path = DigiReceipt;
			sourceTree = "<group>";
		};
		851216A32C40DC520082F7A1 /* Preview Content */ = {
			isa = PBXGroup;
			children = (
				851216A42C40DC520082F7A1 /* Preview Assets.xcassets */,
			);
			path = "Preview Content";
			sourceTree = "<group>";
		};
		851216AB2C40DEB80082F7A1 /* Screens */ = {
			isa = PBXGroup;
			children = (
				8575E4C02C448A6F00BAC1C5 /* User */,
				8575E4BA2C44899400BAC1C5 /* Categories */,
				85E758D22C4239C4002C9A7D /* Home */,
				851216AC2C40DEC10082F7A1 /* Receipts */,
			);
			path = Screens;
			sourceTree = "<group>";
		};
		851216AC2C40DEC10082F7A1 /* Receipts */ = {
			isa = PBXGroup;
			children = (
				851216B22C40DFF60082F7A1 /* ViewModel */,
				851216B02C40DFDA0082F7A1 /* Models */,
				851216AD2C40DF420082F7A1 /* Views */,
				85E22C7F2C42158100C45A1F /* GroupBoxStyles.swift */,
			);
			path = Receipts;
			sourceTree = "<group>";
		};
		851216AD2C40DF420082F7A1 /* Views */ = {
			isa = PBXGroup;
			children = (
				85C64D182C42444C00C914F2 /* ReceiptsCollectionsListView.swift */,
				851216AE2C40DF5A0082F7A1 /* ReceiptDetailView.swift */,
				855109C52C46443600CC31C4 /* AddReceiptView.swift */,
				85849EC82C4870FD00A0B5C1 /* ReceiptsListView.swift */,
			);
			path = Views;
			sourceTree = "<group>";
		};
		851216B02C40DFDA0082F7A1 /* Models */ = {
			isa = PBXGroup;
			children = (
				851216B32C40E0340082F7A1 /* ReceiptModel.swift */,
				85C64D1A2C42477B00C914F2 /* CollectionModel.swift */,
				855109CB2C465A7200CC31C4 /* AddReceiptModel.swift */,
			);
			path = Models;
			sourceTree = "<group>";
		};
		851216B22C40DFF60082F7A1 /* ViewModel */ = {
			isa = PBXGroup;
			children = (
				851216B52C40E2200082F7A1 /* ReceiptViewModel.swift */,
				85C64D1D2C42486600C914F2 /* ReceiptsCollectionViewModel.swift */,
				855109CD2C465D2000CC31C4 /* AddReceiptViewModel.swift */,
				85849ECA2C488C4C00A0B5C1 /* ReceiptsListViewModel.swift */,
			);
			path = ViewModel;
			sourceTree = "<group>";
		};
		851216B72C40E7600082F7A1 /* Utils */ = {
			isa = PBXGroup;
			children = (
				851216B82C40E78F0082F7A1 /* functions.swift */,
				855109C92C46522D00CC31C4 /* Modifiers.swift */,
				85849EC62C48590200A0B5C1 /* Network.swift */,
			);
			path = Utils;
			sourceTree = "<group>";
		};
		8575E4BA2C44899400BAC1C5 /* Categories */ = {
			isa = PBXGroup;
			children = (
				8575E4BF2C448A5A00BAC1C5 /* Models */,
				8575E4BE2C448A4300BAC1C5 /* ModelViews */,
				8575E4BB2C4489BB00BAC1C5 /* Views */,
			);
			path = Categories;
			sourceTree = "<group>";
		};
		8575E4BB2C4489BB00BAC1C5 /* Views */ = {
			isa = PBXGroup;
			children = (
				8575E4D12C4503B300BAC1C5 /* CategoriesView.swift */,
				855109C72C4644FD00CC31C4 /* AddCategoryView.swift */,
			);
			path = Views;
			sourceTree = "<group>";
		};
		8575E4BE2C448A4300BAC1C5 /* ModelViews */ = {
			isa = PBXGroup;
			children = (
				8575E4CD2C4500CE00BAC1C5 /* CategoriesModelView.swift */,
			);
			path = ModelViews;
			sourceTree = "<group>";
		};
		8575E4BF2C448A5A00BAC1C5 /* Models */ = {
			isa = PBXGroup;
			children = (
				8575E4CF2C4500EB00BAC1C5 /* CategoryModel.swift */,
			);
			path = Models;
			sourceTree = "<group>";
		};
		8575E4C02C448A6F00BAC1C5 /* User */ = {
			isa = PBXGroup;
			children = (
				8575E4C72C44F57500BAC1C5 /* UserViewModel */,
				8575E4C12C448A8000BAC1C5 /* Model */,
			);
			path = User;
			sourceTree = "<group>";
		};
		8575E4C12C448A8000BAC1C5 /* Model */ = {
			isa = PBXGroup;
			children = (
				8575E4C22C448A8C00BAC1C5 /* UserModel.swift */,
			);
			path = Model;
			sourceTree = "<group>";
		};
		8575E4C72C44F57500BAC1C5 /* UserViewModel */ = {
			isa = PBXGroup;
			children = (
				8575E4C82C44F5D200BAC1C5 /* UserViewModel.swift */,
			);
			path = UserViewModel;
			sourceTree = "<group>";
		};
		85E758D22C4239C4002C9A7D /* Home */ = {
			isa = PBXGroup;
			children = (
				85E758D42C423A03002C9A7D /* HomeView.swift */,
			);
			path = Home;
			sourceTree = "<group>";
		};
/* End PBXGroup section */

/* Begin PBXNativeTarget section */
		851216972C40DC4F0082F7A1 /* DigiReceipt */ = {
			isa = PBXNativeTarget;
			buildConfigurationList = 851216A82C40DC520082F7A1 /* Build configuration list for PBXNativeTarget "DigiReceipt" */;
			buildPhases = (
				851216942C40DC4F0082F7A1 /* Sources */,
				851216952C40DC4F0082F7A1 /* Frameworks */,
				851216962C40DC4F0082F7A1 /* Resources */,
			);
			buildRules = (
			);
			dependencies = (
			);
			name = DigiReceipt;
			packageProductDependencies = (
				8575E4CB2C44F82000BAC1C5 /* KeychainSwift */,
			);
			productName = DigiReceipt;
			productReference = 851216982C40DC4F0082F7A1 /* DigiReceipt.app */;
			productType = "com.apple.product-type.application";
		};
/* End PBXNativeTarget section */

/* Begin PBXProject section */
		851216902C40DC4F0082F7A1 /* Project object */ = {
			isa = PBXProject;
			attributes = {
				BuildIndependentTargetsInParallel = 1;
				LastSwiftUpdateCheck = 1540;
				LastUpgradeCheck = 1540;
				TargetAttributes = {
					851216972C40DC4F0082F7A1 = {
						CreatedOnToolsVersion = 15.4;
					};
				};
			};
			buildConfigurationList = 851216932C40DC4F0082F7A1 /* Build configuration list for PBXProject "DigiReceipt" */;
			compatibilityVersion = "Xcode 14.0";
			developmentRegion = en;
			hasScannedForEncodings = 0;
			knownRegions = (
				en,
				Base,
			);
			mainGroup = 8512168F2C40DC4F0082F7A1;
			packageReferences = (
				8575E4CA2C44F81F00BAC1C5 /* XCRemoteSwiftPackageReference "keychain-swift" */,
			);
			productRefGroup = 851216992C40DC4F0082F7A1 /* Products */;
			projectDirPath = "";
			projectRoot = "";
			targets = (
				851216972C40DC4F0082F7A1 /* DigiReceipt */,
			);
		};
/* End PBXProject section */

/* Begin PBXResourcesBuildPhase section */
		851216962C40DC4F0082F7A1 /* Resources */ = {
			isa = PBXResourcesBuildPhase;
			buildActionMask = 2147483647;
			files = (
				851216A52C40DC520082F7A1 /* Preview Assets.xcassets in Resources */,
				851216A22C40DC520082F7A1 /* Assets.xcassets in Resources */,
			);
			runOnlyForDeploymentPostprocessing = 0;
		};
/* End PBXResourcesBuildPhase section */

/* Begin PBXSourcesBuildPhase section */
		851216942C40DC4F0082F7A1 /* Sources */ = {
			isa = PBXSourcesBuildPhase;
			buildActionMask = 2147483647;
			files = (
				8575E4CE2C4500CE00BAC1C5 /* CategoriesModelView.swift in Sources */,
				85E758D52C423A04002C9A7D /* HomeView.swift in Sources */,
				8512169E2C40DC4F0082F7A1 /* ContentView.swift in Sources */,
				855109CE2C465D2000CC31C4 /* AddReceiptViewModel.swift in Sources */,
				8575E4D02C4500EB00BAC1C5 /* CategoryModel.swift in Sources */,
				855109CA2C46522D00CC31C4 /* Modifiers.swift in Sources */,
				855109CC2C465A7200CC31C4 /* AddReceiptModel.swift in Sources */,
				851216A02C40DC4F0082F7A1 /* Item.swift in Sources */,
				855109C82C4644FD00CC31C4 /* AddCategoryView.swift in Sources */,
				85C64D1B2C42477B00C914F2 /* CollectionModel.swift in Sources */,
				8575E4D22C4503B300BAC1C5 /* CategoriesView.swift in Sources */,
				85E22C802C42158100C45A1F /* GroupBoxStyles.swift in Sources */,
				851216B92C40E78F0082F7A1 /* functions.swift in Sources */,
				855109C62C46443600CC31C4 /* AddReceiptView.swift in Sources */,
				85849EC92C4870FD00A0B5C1 /* ReceiptsListView.swift in Sources */,
				85C64D1E2C42486600C914F2 /* ReceiptsCollectionViewModel.swift in Sources */,
				8575E4C92C44F5D200BAC1C5 /* UserViewModel.swift in Sources */,
				8575E4C32C448A8C00BAC1C5 /* UserModel.swift in Sources */,
				85849ECB2C488C4C00A0B5C1 /* ReceiptsListViewModel.swift in Sources */,
				8512169C2C40DC4F0082F7A1 /* DigiReceiptApp.swift in Sources */,
				851216B42C40E0340082F7A1 /* ReceiptModel.swift in Sources */,
				851216AF2C40DF5A0082F7A1 /* ReceiptDetailView.swift in Sources */,
				85C64D192C42444C00C914F2 /* ReceiptsCollectionsListView.swift in Sources */,
				851216B62C40E2200082F7A1 /* ReceiptViewModel.swift in Sources */,
				85849EC72C48590200A0B5C1 /* Network.swift in Sources */,
			);
			runOnlyForDeploymentPostprocessing = 0;
		};
/* End PBXSourcesBuildPhase section */

/* Begin XCBuildConfiguration section */
		851216A62C40DC520082F7A1 /* Debug */ = {
			isa = XCBuildConfiguration;
			buildSettings = {
				ALWAYS_SEARCH_USER_PATHS = NO;
				ASSETCATALOG_COMPILER_GENERATE_SWIFT_ASSET_SYMBOL_EXTENSIONS = YES;
				CLANG_ANALYZER_NONNULL = YES;
				CLANG_ANALYZER_NUMBER_OBJECT_CONVERSION = YES_AGGRESSIVE;
				CLANG_CXX_LANGUAGE_STANDARD = "gnu++20";
				CLANG_ENABLE_MODULES = YES;
				CLANG_ENABLE_OBJC_ARC = YES;
				CLANG_ENABLE_OBJC_WEAK = YES;
				CLANG_WARN_BLOCK_CAPTURE_AUTORELEASING = YES;
				CLANG_WARN_BOOL_CONVERSION = YES;
				CLANG_WARN_COMMA = YES;
				CLANG_WARN_CONSTANT_CONVERSION = YES;
				CLANG_WARN_DEPRECATED_OBJC_IMPLEMENTATIONS = YES;
				CLANG_WARN_DIRECT_OBJC_ISA_USAGE = YES_ERROR;
				CLANG_WARN_DOCUMENTATION_COMMENTS = YES;
				CLANG_WARN_EMPTY_BODY = YES;
				CLANG_WARN_ENUM_CONVERSION = YES;
				CLANG_WARN_INFINITE_RECURSION = YES;
				CLANG_WARN_INT_CONVERSION = YES;
				CLANG_WARN_NON_LITERAL_NULL_CONVERSION = YES;
				CLANG_WARN_OBJC_IMPLICIT_RETAIN_SELF = YES;
				CLANG_WARN_OBJC_LITERAL_CONVERSION = YES;
				CLANG_WARN_OBJC_ROOT_CLASS = YES_ERROR;
				CLANG_WARN_QUOTED_INCLUDE_IN_FRAMEWORK_HEADER = YES;
				CLANG_WARN_RANGE_LOOP_ANALYSIS = YES;
				CLANG_WARN_STRICT_PROTOTYPES = YES;
				CLANG_WARN_SUSPICIOUS_MOVE = YES;
				CLANG_WARN_UNGUARDED_AVAILABILITY = YES_AGGRESSIVE;
				CLANG_WARN_UNREACHABLE_CODE = YES;
				CLANG_WARN__DUPLICATE_METHOD_MATCH = YES;
				COPY_PHASE_STRIP = NO;
				DEBUG_INFORMATION_FORMAT = dwarf;
				ENABLE_STRICT_OBJC_MSGSEND = YES;
				ENABLE_TESTABILITY = YES;
				ENABLE_USER_SCRIPT_SANDBOXING = YES;
				GCC_C_LANGUAGE_STANDARD = gnu17;
				GCC_DYNAMIC_NO_PIC = NO;
				GCC_NO_COMMON_BLOCKS = YES;
				GCC_OPTIMIZATION_LEVEL = 0;
				GCC_PREPROCESSOR_DEFINITIONS = (
					"DEBUG=1",
					"$(inherited)",
				);
				GCC_WARN_64_TO_32_BIT_CONVERSION = YES;
				GCC_WARN_ABOUT_RETURN_TYPE = YES_ERROR;
				GCC_WARN_UNDECLARED_SELECTOR = YES;
				GCC_WARN_UNINITIALIZED_AUTOS = YES_AGGRESSIVE;
				GCC_WARN_UNUSED_FUNCTION = YES;
				GCC_WARN_UNUSED_VARIABLE = YES;
				IPHONEOS_DEPLOYMENT_TARGET = 17.5;
				LOCALIZATION_PREFERS_STRING_CATALOGS = YES;
				MTL_ENABLE_DEBUG_INFO = INCLUDE_SOURCE;
				MTL_FAST_MATH = YES;
				ONLY_ACTIVE_ARCH = YES;
				SDKROOT = iphoneos;
				SWIFT_ACTIVE_COMPILATION_CONDITIONS = "DEBUG $(inherited)";
				SWIFT_OPTIMIZATION_LEVEL = "-Onone";
			};
			name = Debug;
		};
		851216A72C40DC520082F7A1 /* Release */ = {
			isa = XCBuildConfiguration;
			buildSettings = {
				ALWAYS_SEARCH_USER_PATHS = NO;
				ASSETCATALOG_COMPILER_GENERATE_SWIFT_ASSET_SYMBOL_EXTENSIONS = YES;
				CLANG_ANALYZER_NONNULL = YES;
				CLANG_ANALYZER_NUMBER_OBJECT_CONVERSION = YES_AGGRESSIVE;
				CLANG_CXX_LANGUAGE_STANDARD = "gnu++20";
				CLANG_ENABLE_MODULES = YES;
				CLANG_ENABLE_OBJC_ARC = YES;
				CLANG_ENABLE_OBJC_WEAK = YES;
				CLANG_WARN_BLOCK_CAPTURE_AUTORELEASING = YES;
				CLANG_WARN_BOOL_CONVERSION = YES;
				CLANG_WARN_COMMA = YES;
				CLANG_WARN_CONSTANT_CONVERSION = YES;
				CLANG_WARN_DEPRECATED_OBJC_IMPLEMENTATIONS = YES;
				CLANG_WARN_DIRECT_OBJC_ISA_USAGE = YES_ERROR;
				CLANG_WARN_DOCUMENTATION_COMMENTS = YES;
				CLANG_WARN_EMPTY_BODY = YES;
				CLANG_WARN_ENUM_CONVERSION = YES;
				CLANG_WARN_INFINITE_RECURSION = YES;
				CLANG_WARN_INT_CONVERSION = YES;
				CLANG_WARN_NON_LITERAL_NULL_CONVERSION = YES;
				CLANG_WARN_OBJC_IMPLICIT_RETAIN_SELF = YES;
				CLANG_WARN_OBJC_LITERAL_CONVERSION = YES;
				CLANG_WARN_OBJC_ROOT_CLASS = YES_ERROR;
				CLANG_WARN_QUOTED_INCLUDE_IN_FRAMEWORK_HEADER = YES;
				CLANG_WARN_RANGE_LOOP_ANALYSIS = YES;
				CLANG_WARN_STRICT_PROTOTYPES = YES;
				CLANG_WARN_SUSPICIOUS_MOVE = YES;
				CLANG_WARN_UNGUARDED_AVAILABILITY = YES_AGGRESSIVE;
				CLANG_WARN_UNREACHABLE_CODE = YES;
				CLANG_WARN__DUPLICATE_METHOD_MATCH = YES;
				COPY_PHASE_STRIP = NO;
				DEBUG_INFORMATION_FORMAT = "dwarf-with-dsym";
				ENABLE_NS_ASSERTIONS = NO;
				ENABLE_STRICT_OBJC_MSGSEND = YES;
				ENABLE_USER_SCRIPT_SANDBOXING = YES;
				GCC_C_LANGUAGE_STANDARD = gnu17;
				GCC_NO_COMMON_BLOCKS = YES;
				GCC_WARN_64_TO_32_BIT_CONVERSION = YES;
				GCC_WARN_ABOUT_RETURN_TYPE = YES_ERROR;
				GCC_WARN_UNDECLARED_SELECTOR = YES;
				GCC_WARN_UNINITIALIZED_AUTOS = YES_AGGRESSIVE;
				GCC_WARN_UNUSED_FUNCTION = YES;
				GCC_WARN_UNUSED_VARIABLE = YES;
				IPHONEOS_DEPLOYMENT_TARGET = 17.5;
				LOCALIZATION_PREFERS_STRING_CATALOGS = YES;
				MTL_ENABLE_DEBUG_INFO = NO;
				MTL_FAST_MATH = YES;
				SDKROOT = iphoneos;
				SWIFT_COMPILATION_MODE = wholemodule;
				VALIDATE_PRODUCT = YES;
			};
			name = Release;
		};
		851216A92C40DC520082F7A1 /* Debug */ = {
			isa = XCBuildConfiguration;
			buildSettings = {
				ASSETCATALOG_COMPILER_APPICON_NAME = AppIcon;
				ASSETCATALOG_COMPILER_GLOBAL_ACCENT_COLOR_NAME = AccentColor;
				CODE_SIGN_STYLE = Automatic;
				CURRENT_PROJECT_VERSION = 1;
				DEVELOPMENT_ASSET_PATHS = "\"DigiReceipt/Preview Content\"";
				DEVELOPMENT_TEAM = DFRTZSFNSK;
				ENABLE_PREVIEWS = YES;
				GENERATE_INFOPLIST_FILE = YES;
				INFOPLIST_KEY_UIApplicationSceneManifest_Generation = YES;
				INFOPLIST_KEY_UIApplicationSupportsIndirectInputEvents = YES;
				INFOPLIST_KEY_UILaunchScreen_Generation = YES;
				INFOPLIST_KEY_UISupportedInterfaceOrientations_iPad = "UIInterfaceOrientationPortrait UIInterfaceOrientationPortraitUpsideDown UIInterfaceOrientationLandscapeLeft UIInterfaceOrientationLandscapeRight";
				INFOPLIST_KEY_UISupportedInterfaceOrientations_iPhone = "UIInterfaceOrientationPortrait UIInterfaceOrientationLandscapeLeft UIInterfaceOrientationLandscapeRight";
				LD_RUNPATH_SEARCH_PATHS = (
					"$(inherited)",
					"@executable_path/Frameworks",
				);
				MARKETING_VERSION = 1.0;
				PRODUCT_BUNDLE_IDENTIFIER = com.AlexLazcano.DigiReceipt;
				PRODUCT_NAME = "$(TARGET_NAME)";
				SWIFT_EMIT_LOC_STRINGS = YES;
				SWIFT_VERSION = 5.0;
				TARGETED_DEVICE_FAMILY = "1,2";
			};
			name = Debug;
		};
		851216AA2C40DC520082F7A1 /* Release */ = {
			isa = XCBuildConfiguration;
			buildSettings = {
				ASSETCATALOG_COMPILER_APPICON_NAME = AppIcon;
				ASSETCATALOG_COMPILER_GLOBAL_ACCENT_COLOR_NAME = AccentColor;
				CODE_SIGN_STYLE = Automatic;
				CURRENT_PROJECT_VERSION = 1;
				DEVELOPMENT_ASSET_PATHS = "\"DigiReceipt/Preview Content\"";
				DEVELOPMENT_TEAM = DFRTZSFNSK;
				ENABLE_PREVIEWS = YES;
				GENERATE_INFOPLIST_FILE = YES;
				INFOPLIST_KEY_UIApplicationSceneManifest_Generation = YES;
				INFOPLIST_KEY_UIApplicationSupportsIndirectInputEvents = YES;
				INFOPLIST_KEY_UILaunchScreen_Generation = YES;
				INFOPLIST_KEY_UISupportedInterfaceOrientations_iPad = "UIInterfaceOrientationPortrait UIInterfaceOrientationPortraitUpsideDown UIInterfaceOrientationLandscapeLeft UIInterfaceOrientationLandscapeRight";
				INFOPLIST_KEY_UISupportedInterfaceOrientations_iPhone = "UIInterfaceOrientationPortrait UIInterfaceOrientationLandscapeLeft UIInterfaceOrientationLandscapeRight";
				LD_RUNPATH_SEARCH_PATHS = (
					"$(inherited)",
					"@executable_path/Frameworks",
				);
				MARKETING_VERSION = 1.0;
				PRODUCT_BUNDLE_IDENTIFIER = com.AlexLazcano.DigiReceipt;
				PRODUCT_NAME = "$(TARGET_NAME)";
				SWIFT_EMIT_LOC_STRINGS = YES;
				SWIFT_VERSION = 5.0;
				TARGETED_DEVICE_FAMILY = "1,2";
			};
			name = Release;
		};
/* End XCBuildConfiguration section */

/* Begin XCConfigurationList section */
		851216932C40DC4F0082F7A1 /* Build configuration list for PBXProject "DigiReceipt" */ = {
			isa = XCConfigurationList;
			buildConfigurations = (
				851216A62C40DC520082F7A1 /* Debug */,
				851216A72C40DC520082F7A1 /* Release */,
			);
			defaultConfigurationIsVisible = 0;
			defaultConfigurationName = Release;
		};
		851216A82C40DC520082F7A1 /* Build configuration list for PBXNativeTarget "DigiReceipt" */ = {
			isa = XCConfigurationList;
			buildConfigurations = (
				851216A92C40DC520082F7A1 /* Debug */,
				851216AA2C40DC520082F7A1 /* Release */,
			);
			defaultConfigurationIsVisible = 0;
			defaultConfigurationName = Release;
		};
/* End XCConfigurationList section */

/* Begin XCRemoteSwiftPackageReference section */
		8575E4CA2C44F81F00BAC1C5 /* XCRemoteSwiftPackageReference "keychain-swift" */ = {
			isa = XCRemoteSwiftPackageReference;
			repositoryURL = "https://github.com/evgenyneu/keychain-swift.git";
			requirement = {
				kind = upToNextMajorVersion;
				minimumVersion = 24.0.0;
			};
		};
/* End XCRemoteSwiftPackageReference section */

/* Begin XCSwiftPackageProductDependency section */
		8575E4CB2C44F82000BAC1C5 /* KeychainSwift */ = {
			isa = XCSwiftPackageProductDependency;
			package = 8575E4CA2C44F81F00BAC1C5 /* XCRemoteSwiftPackageReference "keychain-swift" */;
			productName = KeychainSwift;
		};
/* End XCSwiftPackageProductDependency section */
	};
	rootObject = 851216902C40DC4F0082F7A1 /* Project object */;
}
